
Microsoft Visual Studio Solution File, Format Version 12.00
# Visual Studio Version 17
VisualStudioVersion = 17.3.32929.385
MinimumVisualStudioVersion = 10.0.40219.1
Project("{9A19103F-16F7-4668-BE54-9A1E7A4F7556}") = "AngularServer", "AngularServer\AngularServer.csproj", "{3BFDFA13-5FE3-4FF9-95E2-3BC4985316A4}"
EndProject
Global
	GlobalSection(SolutionConfigurationPlatforms) = preSolution
		Debug|Any CPU = Debug|Any CPU
		Release|Any CPU = Release|Any CPU
	EndGlobalSection
	GlobalSection(ProjectConfigurationPlatforms) = postSolution
		{3BFDFA13-5FE3-4FF9-95E2-3BC4985316A4}.Debug|Any CPU.ActiveCfg = Debug|Any CPU
		{3BFDFA13-5FE3-4FF9-95E2-3BC4985316A4}.Debug|Any CPU.Build.0 = Debug|Any CPU
		{3BFDFA13-5FE3-4FF9-95E2-3BC4985316A4}.Release|Any CPU.ActiveCfg = Release|Any CPU
		{3BFDFA13-5FE3-4FF9-95E2-3BC4985316A4}.Release|Any CPU.Build.0 = Release|Any CPU
	EndGlobalSection
	GlobalSection(SolutionProperties) = preSolution
		HideSolutionNode = FALSE
	EndGlobalSection
	GlobalSection(ExtensibilityGlobals) = postSolution
		SolutionGuid = {B5953ECC-7C2B-49B5-A038-3D433F34BF14}
	EndGlobalSection
EndGlobal
